Microsoft Visual Studio Solution File, Format Version 12.00
# Visual Studio Version 17
VisualStudioVersion = 17.0.31903.59
MinimumVisualStudioVersion = 10.0.40219.1
Project("{8BC9CEB8-8B4A-11D0-8D11-00A0C91BC942}") = "GateServer", "GateServer\GateServer\GateServer.vcxproj", "{4DA60B61-0D9C-400D-A2EB-035D939059D4}"
EndProject
Project("{8BC9CEB8-8B4A-11D0-8D11-00A0C91BC942}") = "StatusServer", "StatusServer\StatusServer\StatusServer.vcxproj", "{1D094B9F-8A66-40F6-BC42-089AA8096E07}"
EndProject
Project("{8BC9CEB8-8B4A-11D0-8D11-00A0C91BC942}") = "ChatServer", "ChatServer\ChatServer\ChatServer.vcxproj", "{1559F1A5-BD2E-43D0-B619-A012B5D2885A}"
EndProject
Project("{8BC9CEB8-8B4A-11D0-8D11-00A0C91BC942}") = "ResourceServer", "ResourceServer\ResourceServer\ResourceServer\ResourceServer.vcxproj", "{CF4FD27C-B27B-487C-B462-5610CFD9BD4B}"
EndProject
Project("{8BC9CEB8-8B4A-11D0-8D11-00A0C91BC942}") = "ServerUnitTests", "tests\server\ServerUnitTests.vcxproj", "{F72C57A8-4BAA-47EF-A96F-95E52C15DF32}"
EndProject
Project("{8BC9CEB8-8B4A-11D0-8D11-00A0C91BC942}") = "ServerComponentTests", "tests\server\ServerComponentTests.vcxproj", "{A8C5EAD7-7743-4C14-985F-045FD5A1B9D2}"
EndProject
Project("{8BC9CEB8-8B4A-11D0-8D11-00A0C91BC942}") = "ServerIntegrationTests", "tests\server\ServerIntegrationTests.vcxproj", "{3E2E8DC9-067B-4D6F-9B4E-53091C2D7A8F}"
EndProject
Project("{8BC9CEB8-8B4A-11D0-8D11-00A0C91BC942}") = "ProcessHarnessChild", "tests\server\process-harness\ProcessHarnessChild.vcxproj", "{9B810856-EB83-4B84-87A4-883A3FFB1001}"
EndProject
Project("{8BC9CEB8-8B4A-11D0-8D11-00A0C91BC942}") = "GateGrpcClients", "GateServer\GateServer\GateGrpcClients.vcxproj", "{A5B4E15C-99D7-4D4D-86CC-5FB765AFC501}"
EndProject
Project("{8BC9CEB8-8B4A-11D0-8D11-00A0C91BC942}") = "ChatGrpcClients", "ChatServer\ChatServer\ChatGrpcClients.vcxproj", "{65DC3290-A9BB-4FAD-9930-096BC5B82102}"
EndProject
Project("{8BC9CEB8-8B4A-11D0-8D11-00A0C91BC942}") = "LogicDispatcher", "ChatServer\ChatServer\LogicDispatcher.vcxproj", "{B251FB8A-0C7D-4BFA-8F1B-31C75DFBDA01}"
EndProject
Project("{8BC9CEB8-8B4A-11D0-8D11-00A0C91BC942}") = "StatusRouting", "StatusServer\StatusServer\StatusRouting.vcxproj", "{7C67B8A2-A0A4-44A0-9020-5D87915CE3E2}"
EndProject
Project("{8BC9CEB8-8B4A-11D0-8D11-00A0C91BC942}") = "ChatSessionState", "ChatServer\ChatServer\ChatSessionState.vcxproj", "{3F8301B8-91A7-4A0E-88B6-EC650CDDC303}"
EndProject
Project("{8BC9CEB8-8B4A-11D0-8D11-00A0C91BC942}") = "GateRequest", "GateServer\GateServer\GateRequest.vcxproj", "{0D4BA4D3-8B77-4BD6-A550-4E3BC4114704}"
EndProject
Project("{8BC9CEB8-8B4A-11D0-8D11-00A0C91BC942}") = "GateTransport", "GateServer\GateServer\GateTransport.vcxproj", "{C9E57E0E-3B02-4F26-8DB4-5A5C1B9D7021}"
EndProject
Project("{8BC9CEB8-8B4A-11D0-8D11-00A0C91BC942}") = "ChatGrpcClientTests", "tests\server\ChatGrpcClientTests.vcxproj", "{F9A57744-7D12-456B-987D-27B1BAE61203}"
EndProject
Global
	GlobalSection(SolutionConfigurationPlatforms) = preSolution
		Debug|x64 = Debug|x64
		Debug|x86 = Debug|x86
		Release|x64 = Release|x64
		Release|x86 = Release|x86
	EndGlobalSection
	GlobalSection(ProjectConfigurationPlatforms) = postSolution
		{9B810856-EB83-4B84-87A4-883A3FFB1001}.Debug|x64.ActiveCfg = Debug|x64
		{9B810856-EB83-4B84-87A4-883A3FFB1001}.Debug|x64.Build.0 = Debug|x64
		{9B810856-EB83-4B84-87A4-883A3FFB1001}.Debug|x86.ActiveCfg = Debug|x64
		{9B810856-EB83-4B84-87A4-883A3FFB1001}.Release|x64.ActiveCfg = Release|x64
		{9B810856-EB83-4B84-87A4-883A3FFB1001}.Release|x64.Build.0 = Release|x64
		{9B810856-EB83-4B84-87A4-883A3FFB1001}.Release|x86.ActiveCfg = Release|x64
		{0D4BA4D3-8B77-4BD6-A550-4E3BC4114704}.Debug|x64.ActiveCfg = Debug|x64
		{0D4BA4D3-8B77-4BD6-A550-4E3BC4114704}.Debug|x64.Build.0 = Debug|x64
		{0D4BA4D3-8B77-4BD6-A550-4E3BC4114704}.Debug|x86.ActiveCfg = Debug|Win32
		{0D4BA4D3-8B77-4BD6-A550-4E3BC4114704}.Release|x64.ActiveCfg = Release|x64
		{0D4BA4D3-8B77-4BD6-A550-4E3BC4114704}.Release|x64.Build.0 = Release|x64
		{0D4BA4D3-8B77-4BD6-A550-4E3BC4114704}.Release|x86.ActiveCfg = Release|Win32
		{C9E57E0E-3B02-4F26-8DB4-5A5C1B9D7021}.Debug|x64.ActiveCfg = Debug|x64
		{C9E57E0E-3B02-4F26-8DB4-5A5C1B9D7021}.Debug|x64.Build.0 = Debug|x64
		{C9E57E0E-3B02-4F26-8DB4-5A5C1B9D7021}.Debug|x86.ActiveCfg = Debug|Win32
		{C9E57E0E-3B02-4F26-8DB4-5A5C1B9D7021}.Release|x64.ActiveCfg = Release|x64
		{C9E57E0E-3B02-4F26-8DB4-5A5C1B9D7021}.Release|x64.Build.0 = Release|x64
		{C9E57E0E-3B02-4F26-8DB4-5A5C1B9D7021}.Release|x86.ActiveCfg = Release|Win32
		{3F8301B8-91A7-4A0E-88B6-EC650CDDC303}.Debug|x64.ActiveCfg = Debug|x64
		{3F8301B8-91A7-4A0E-88B6-EC650CDDC303}.Debug|x64.Build.0 = Debug|x64
		{3F8301B8-91A7-4A0E-88B6-EC650CDDC303}.Debug|x86.ActiveCfg = Debug|Win32
		{3F8301B8-91A7-4A0E-88B6-EC650CDDC303}.Release|x64.ActiveCfg = Release|x64
		{3F8301B8-91A7-4A0E-88B6-EC650CDDC303}.Release|x64.Build.0 = Release|x64
		{3F8301B8-91A7-4A0E-88B6-EC650CDDC303}.Release|x86.ActiveCfg = Release|Win32
		{4DA60B61-0D9C-400D-A2EB-035D939059D4}.Debug|x64.ActiveCfg = Debug|x64
		{4DA60B61-0D9C-400D-A2EB-035D939059D4}.Debug|x64.Build.0 = Debug|x64
		{4DA60B61-0D9C-400D-A2EB-035D939059D4}.Debug|x86.ActiveCfg = Debug|Win32
		{4DA60B61-0D9C-400D-A2EB-035D939059D4}.Debug|x86.Build.0 = Debug|Win32
		{4DA60B61-0D9C-400D-A2EB-035D939059D4}.Release|x64.ActiveCfg = Release|x64
		{4DA60B61-0D9C-400D-A2EB-035D939059D4}.Release|x64.Build.0 = Release|x64
		{4DA60B61-0D9C-400D-A2EB-035D939059D4}.Release|x86.ActiveCfg = Release|Win32
		{4DA60B61-0D9C-400D-A2EB-035D939059D4}.Release|x86.Build.0 = Release|Win32
		{1D094B9F-8A66-40F6-BC42-089AA8096E07}.Debug|x64.ActiveCfg = Debug|x64
		{1D094B9F-8A66-40F6-BC42-089AA8096E07}.Debug|x64.Build.0 = Debug|x64
		{1D094B9F-8A66-40F6-BC42-089AA8096E07}.Debug|x86.ActiveCfg = Debug|Win32
		{1D094B9F-8A66-40F6-BC42-089AA8096E07}.Debug|x86.Build.0 = Debug|Win32
		{1D094B9F-8A66-40F6-BC42-089AA8096E07}.Release|x64.ActiveCfg = Release|x64
		{1D094B9F-8A66-40F6-BC42-089AA8096E07}.Release|x64.Build.0 = Release|x64
		{1D094B9F-8A66-40F6-BC42-089AA8096E07}.Release|x86.ActiveCfg = Release|Win32
		{1D094B9F-8A66-40F6-BC42-089AA8096E07}.Release|x86.Build.0 = Release|Win32
		{1559F1A5-BD2E-43D0-B619-A012B5D2885A}.Debug|x64.ActiveCfg = Debug|x64
		{1559F1A5-BD2E-43D0-B619-A012B5D2885A}.Debug|x64.Build.0 = Debug|x64
		{1559F1A5-BD2E-43D0-B619-A012B5D2885A}.Debug|x86.ActiveCfg = Debug|Win32
		{1559F1A5-BD2E-43D0-B619-A012B5D2885A}.Debug|x86.Build.0 = Debug|Win32
		{1559F1A5-BD2E-43D0-B619-A012B5D2885A}.Release|x64.ActiveCfg = Release|x64
		{1559F1A5-BD2E-43D0-B619-A012B5D2885A}.Release|x64.Build.0 = Release|x64
		{1559F1A5-BD2E-43D0-B619-A012B5D2885A}.Release|x86.ActiveCfg = Release|Win32
		{1559F1A5-BD2E-43D0-B619-A012B5D2885A}.Release|x86.Build.0 = Release|Win32
		{CF4FD27C-B27B-487C-B462-5610CFD9BD4B}.Debug|x64.ActiveCfg = Debug|x64
		{CF4FD27C-B27B-487C-B462-5610CFD9BD4B}.Debug|x64.Build.0 = Debug|x64
		{CF4FD27C-B27B-487C-B462-5610CFD9BD4B}.Debug|x86.ActiveCfg = Debug|Win32
		{CF4FD27C-B27B-487C-B462-5610CFD9BD4B}.Debug|x86.Build.0 = Debug|Win32
		{CF4FD27C-B27B-487C-B462-5610CFD9BD4B}.Release|x64.ActiveCfg = Release|x64
		{CF4FD27C-B27B-487C-B462-5610CFD9BD4B}.Release|x64.Build.0 = Release|x64
		{CF4FD27C-B27B-487C-B462-5610CFD9BD4B}.Release|x86.ActiveCfg = Release|Win32
		{CF4FD27C-B27B-487C-B462-5610CFD9BD4B}.Release|x86.Build.0 = Release|Win32
		{F72C57A8-4BAA-47EF-A96F-95E52C15DF32}.Debug|x64.ActiveCfg = Debug|x64
		{F72C57A8-4BAA-47EF-A96F-95E52C15DF32}.Debug|x64.Build.0 = Debug|x64
		{F72C57A8-4BAA-47EF-A96F-95E52C15DF32}.Debug|x86.ActiveCfg = Debug|x64
		{F72C57A8-4BAA-47EF-A96F-95E52C15DF32}.Release|x64.ActiveCfg = Release|x64
		{F72C57A8-4BAA-47EF-A96F-95E52C15DF32}.Release|x64.Build.0 = Release|x64
		{F72C57A8-4BAA-47EF-A96F-95E52C15DF32}.Release|x86.ActiveCfg = Release|x64
		{A8C5EAD7-7743-4C14-985F-045FD5A1B9D2}.Debug|x64.ActiveCfg = Debug|x64
		{A8C5EAD7-7743-4C14-985F-045FD5A1B9D2}.Debug|x64.Build.0 = Debug|x64
		{A8C5EAD7-7743-4C14-985F-045FD5A1B9D2}.Debug|x86.ActiveCfg = Debug|x64
		{A8C5EAD7-7743-4C14-985F-045FD5A1B9D2}.Release|x64.ActiveCfg = Release|x64
		{A8C5EAD7-7743-4C14-985F-045FD5A1B9D2}.Release|x64.Build.0 = Release|x64
		{A8C5EAD7-7743-4C14-985F-045FD5A1B9D2}.Release|x86.ActiveCfg = Release|x64
		{3E2E8DC9-067B-4D6F-9B4E-53091C2D7A8F}.Debug|x64.ActiveCfg = Debug|x64
		{3E2E8DC9-067B-4D6F-9B4E-53091C2D7A8F}.Debug|x64.Build.0 = Debug|x64
		{3E2E8DC9-067B-4D6F-9B4E-53091C2D7A8F}.Debug|x86.ActiveCfg = Debug|x64
		{3E2E8DC9-067B-4D6F-9B4E-53091C2D7A8F}.Release|x64.ActiveCfg = Release|x64
		{3E2E8DC9-067B-4D6F-9B4E-53091C2D7A8F}.Release|x64.Build.0 = Release|x64
		{3E2E8DC9-067B-4D6F-9B4E-53091C2D7A8F}.Release|x86.ActiveCfg = Release|x64
		{A5B4E15C-99D7-4D4D-86CC-5FB765AFC501}.Debug|x64.ActiveCfg = Debug|x64
		{A5B4E15C-99D7-4D4D-86CC-5FB765AFC501}.Debug|x64.Build.0 = Debug|x64
		{A5B4E15C-99D7-4D4D-86CC-5FB765AFC501}.Debug|x86.ActiveCfg = Debug|Win32
		{A5B4E15C-99D7-4D4D-86CC-5FB765AFC501}.Release|x64.ActiveCfg = Release|x64
		{A5B4E15C-99D7-4D4D-86CC-5FB765AFC501}.Release|x64.Build.0 = Release|x64
		{A5B4E15C-99D7-4D4D-86CC-5FB765AFC501}.Release|x86.ActiveCfg = Release|Win32
		{65DC3290-A9BB-4FAD-9930-096BC5B82102}.Debug|x64.ActiveCfg = Debug|x64
		{65DC3290-A9BB-4FAD-9930-096BC5B82102}.Debug|x64.Build.0 = Debug|x64
		{65DC3290-A9BB-4FAD-9930-096BC5B82102}.Debug|x86.ActiveCfg = Debug|Win32
		{65DC3290-A9BB-4FAD-9930-096BC5B82102}.Release|x64.ActiveCfg = Release|x64
		{65DC3290-A9BB-4FAD-9930-096BC5B82102}.Release|x64.Build.0 = Release|x64
		{65DC3290-A9BB-4FAD-9930-096BC5B82102}.Release|x86.ActiveCfg = Release|Win32
		{B251FB8A-0C7D-4BFA-8F1B-31C75DFBDA01}.Debug|x64.ActiveCfg = Debug|x64
		{B251FB8A-0C7D-4BFA-8F1B-31C75DFBDA01}.Debug|x64.Build.0 = Debug|x64
		{B251FB8A-0C7D-4BFA-8F1B-31C75DFBDA01}.Debug|x86.ActiveCfg = Debug|Win32
		{B251FB8A-0C7D-4BFA-8F1B-31C75DFBDA01}.Release|x64.ActiveCfg = Release|x64
		{B251FB8A-0C7D-4BFA-8F1B-31C75DFBDA01}.Release|x64.Build.0 = Release|x64
		{B251FB8A-0C7D-4BFA-8F1B-31C75DFBDA01}.Release|x86.ActiveCfg = Release|Win32
		{7C67B8A2-A0A4-44A0-9020-5D87915CE3E2}.Debug|x64.ActiveCfg = Debug|x64
		{7C67B8A2-A0A4-44A0-9020-5D87915CE3E2}.Debug|x64.Build.0 = Debug|x64
		{7C67B8A2-A0A4-44A0-9020-5D87915CE3E2}.Debug|x86.ActiveCfg = Debug|Win32
		{7C67B8A2-A0A4-44A0-9020-5D87915CE3E2}.Release|x64.ActiveCfg = Release|x64
		{7C67B8A2-A0A4-44A0-9020-5D87915CE3E2}.Release|x64.Build.0 = Release|x64
		{7C67B8A2-A0A4-44A0-9020-5D87915CE3E2}.Release|x86.ActiveCfg = Release|Win32
		{F9A57744-7D12-456B-987D-27B1BAE61203}.Debug|x64.ActiveCfg = Debug|x64
		{F9A57744-7D12-456B-987D-27B1BAE61203}.Debug|x64.Build.0 = Debug|x64
		{F9A57744-7D12-456B-987D-27B1BAE61203}.Debug|x86.ActiveCfg = Debug|x64
		{F9A57744-7D12-456B-987D-27B1BAE61203}.Release|x64.ActiveCfg = Release|x64
		{F9A57744-7D12-456B-987D-27B1BAE61203}.Release|x64.Build.0 = Release|x64
		{F9A57744-7D12-456B-987D-27B1BAE61203}.Release|x86.ActiveCfg = Release|x64
	EndGlobalSection
	GlobalSection(SolutionProperties) = preSolution
		HideSolutionNode = FALSE
	EndGlobalSection
	GlobalSection(ExtensibilityGlobals) = postSolution
		SolutionGuid = {36CEACDA-532A-4EA9-AF2E-A1FE92A839A8}
	EndGlobalSection
EndGlobal
