<?xml version="1.0" encoding="utf-8"?>
<Project ToolsVersion="4.0" xmlns="http://schemas.microsoft.com/developer/msbuild/2003">
  <ItemGroup>
    <Filter Include="Source Files"><UniqueIdentifier>{4D69DB1B-3D12-4C09-80FD-F746C0195686}</UniqueIdentifier></Filter>
    <Filter Include="Header Files"><UniqueIdentifier>{FC73D997-2E34-4B88-A2C5-F2AAF7C31A25}</UniqueIdentifier></Filter>
  </ItemGroup>
  <ItemGroup>
    <ClCompile Include="ChatSessionState.cpp"><Filter>Source Files</Filter></ClCompile>
    <ClCompile Include="ChatSessionStateProduction.cpp"><Filter>Source Files</Filter></ClCompile>
  </ItemGroup>
  <ItemGroup>
    <ClInclude Include="ChatSessionState.h"><Filter>Header Files</Filter></ClInclude>
    <ClInclude Include="ChatSessionStateInternal.h"><Filter>Header Files</Filter></ClInclude>
    <ClInclude Include="ChatSessionStateProduction.h"><Filter>Header Files</Filter></ClInclude>
  </ItemGroup>
</Project>
